
Microsoft Visual Studio Solution File, Format Version 12.00
# Visual Studio Version 17
VisualStudioVersion = 17.8.34511.84
MinimumVisualStudioVersion = 10.0.40219.1
Project("{9A19103F-16F7-4668-BE54-9A1E7A4F7556}") = "BulkyWeb", "BulkyWeb\BulkyWeb.csproj", "{A36A16B3-32EB-41AC-9CA3-45C5CBFD7035}"
EndProject
Project("{9A19103F-16F7-4668-BE54-9A1E7A4F7556}") = "BulkyWebRazor_Temp", "BulkyWebRazor_Temp\BulkyWebRazor_Temp.csproj", "{FF62634D-5BDD-4D03-B001-ABC8EDCF2CF9}"
EndProject
Project("{FAE04EC0-301F-11D3-BF4B-00C04F79EFBC}") = "Bulky.DataAccess", "Bulky.DataAccess\Bulky.DataAccess.csproj", "{0C4144A9-3FF5-43D1-A308-FC39C31B8EFB}"
EndProject
Project("{FAE04EC0-301F-11D3-BF4B-00C04F79EFBC}") = "Bulky.Models", "Bulky.Models\Bulky.Models.csproj", "{7AC5D927-4522-40F6-8B9B-F22658A2D019}"
EndProject
Project("{FAE04EC0-301F-11D3-BF4B-00C04F79EFBC}") = "Bulky.Utility", "Bulky.Utility\Bulky.Utility.csproj", "{68AC4212-67CD-423B-92B3-6D3BA2F69C42}"
EndProject
Global
	GlobalSection(SolutionConfigurationPlatforms) = preSolution
		Debug|Any CPU = Debug|Any CPU
		Release|Any CPU = Release|Any CPU
	EndGlobalSection
	GlobalSection(ProjectConfigurationPlatforms) = postSolution
		{A36A16B3-32EB-41AC-9CA3-45C5CBFD7035}.Debug|Any CPU.ActiveCfg = Debug|Any CPU
		{A36A16B3-32EB-41AC-9CA3-45C5CBFD7035}.Debug|Any CPU.Build.0 = Debug|Any CPU
		{A36A16B3-32EB-41AC-9CA3-45C5CBFD7035}.Release|Any CPU.ActiveCfg = Release|Any CPU
		{A36A16B3-32EB-41AC-9CA3-45C5CBFD7035}.Release|Any CPU.Build.0 = Release|Any CPU
		{FF62634D-5BDD-4D03-B001-ABC8EDCF2CF9}.Debug|Any CPU.ActiveCfg = Debug|Any CPU
		{FF62634D-5BDD-4D03-B001-ABC8EDCF2CF9}.Debug|Any CPU.Build.0 = Debug|Any CPU
		{FF62634D-5BDD-4D03-B001-ABC8EDCF2CF9}.Release|Any CPU.ActiveCfg = Release|Any CPU
		{FF62634D-5BDD-4D03-B001-ABC8EDCF2CF9}.Release|Any CPU.Build.0 = Release|Any CPU
		{0C4144A9-3FF5-43D1-A308-FC39C31B8EFB}.Debug|Any CPU.ActiveCfg = Debug|Any CPU
		{0C4144A9-3FF5-43D1-A308-FC39C31B8EFB}.Debug|Any CPU.Build.0 = Debug|Any CPU
		{0C4144A9-3FF5-43D1-A308-FC39C31B8EFB}.Release|Any CPU.ActiveCfg = Release|Any CPU
		{0C4144A9-3FF5-43D1-A308-FC39C31B8EFB}.Release|Any CPU.Build.0 = Release|Any CPU
		{7AC5D927-4522-40F6-8B9B-F22658A2D019}.Debug|Any CPU.ActiveCfg = Debug|Any CPU
		{7AC5D927-4522-40F6-8B9B-F22658A2D019}.Debug|Any CPU.Build.0 = Debug|Any CPU
		{7AC5D927-4522-40F6-8B9B-F22658A2D019}.Release|Any CPU.ActiveCfg = Release|Any CPU
		{7AC5D927-4522-40F6-8B9B-F22658A2D019}.Release|Any CPU.Build.0 = Release|Any CPU
		{68AC4212-67CD-423B-92B3-6D3BA2F69C42}.Debug|Any CPU.ActiveCfg = Debug|Any CPU
		{68AC4212-67CD-423B-92B3-6D3BA2F69C42}.Debug|Any CPU.Build.0 = Debug|Any CPU
		{68AC4212-67CD-423B-92B3-6D3BA2F69C42}.Release|Any CPU.ActiveCfg = Release|Any CPU
		{68AC4212-67CD-423B-92B3-6D3BA2F69C42}.Release|Any CPU.Build.0 = Release|Any CPU
	EndGlobalSection
	GlobalSection(SolutionProperties) = preSolution
		HideSolutionNode = FALSE
	EndGlobalSection
	GlobalSection(ExtensibilityGlobals) = postSolution
		SolutionGuid = {AB14FB8E-472B-476A-842F-4F3BBEAD8164}
	EndGlobalSection
EndGlobal
